# This file is autogenerated, do not edit; changes may be undone by the next 'dep ensure'.


[[projects]]
  digest = "1:3ff78268777dc67ff46530ab776eeb0a819c49edee5348b64c04db116437befd"
  name = "github.com/alecthomas/kong"
  packages = ["."]
  pruneopts = "UT"
  revision = "ed7caf6841a0418e43c80c98f9f22ce80b437eed"
  version = "v0.2.9"

[[projects]]
  digest = "1:d2e776e9706a8e4e7cb4ada3e6c49058a3287b3bf62a05c22585c1d0f07a4dae"
  name = "github.com/apoorvam/goterminal"
  packages = ["."]
  pruneopts = "UT"
  revision = "614d345c47e510f5bc95fef660f25d0c00d224e4"
  version = "v1.0"

[[projects]]
  digest = "1:4fc7ef733af25ff9e4a4799eb7d541b8d74f676896a3fd4446adefc86253afd8"
  name = "github.com/brianvoe/gofakeit"
  packages = [
    ".",
    "data",
  ]
  pruneopts = "UT"
  revision = "19b40d7d6241163eba8b06ddec1041a36db06c54"
  version = "v3.20.2"

[[projects]]
  digest = "1:b06d27db2f87588507f245345f329b4192809e72ab32385a26a6eb25988eb82e"
  name = "github.com/corpix/uarand"
  packages = ["."]
  pruneopts = "UT"
  revision = "031be390f409fb4bac8fb299e3bcd101479f89f8"

[[projects]]
  digest = "1:ffe9824d294da03b391f44e1ae8281281b4afc1bdaa9588c9097785e3af10cec"
  name = "github.com/davecgh/go-spew"
  packages = ["spew"]
  pruneopts = "UT"
  revision = "8991bc29aa16c548c550c7ff78260e27b9ab7c73"
  version = "v1.1.1"

[[projects]]
  digest = "1:a3af33fd30536d9c5a7b6ad542390919e57c1125097a194c7b3d9904109a0611"
  name = "github.com/go-sql-driver/mysql"
  packages = ["."]
  pruneopts = "UT"
  revision = "17ef3dd9d98b69acec3e85878995ada9533a9370"
  version = "v1.5.0"

[[projects]]
  digest = "1:88e0b0baeb9072f0a4afbcf12dda615fc8be001d1802357538591155998da21b"
  name = "github.com/hashicorp/go-version"
  packages = ["."]
  pruneopts = "UT"
  revision = "ac23dc3fea5d1a983c43f6a0f6e2c13f0195d8bd"
  version = "v1.2.0"

[[projects]]
  branch = "master"
  digest = "1:22725c01ecd8ed0c0f0078944305a57053340d92878b02db925c660cc4accf64"
  name = "github.com/icrowley/fake"
  packages = ["."]
  pruneopts = "UT"
  revision = "4178557ae428460c3780a381c824a1f3aceb6325"

[[projects]]
  digest = "1:09cb61dc19af93deae01587e2fdb1c081e0bf48f1a5ad5fa24f48750dc57dce8"
  name = "github.com/konsorten/go-windows-terminal-sequences"
  packages = ["."]
  pruneopts = "UT"
  revision = "edb144dfd453055e1e49a3d8b410a660b5a87613"
  version = "v1.0.3"

[[projects]]
  digest = "1:0c58d31abe2a2ccb429c559b6292e7df89dcda675456fecc282fa90aa08273eb"
  name = "github.com/mattn/go-isatty"
  packages = ["."]
  pruneopts = "UT"
  revision = "7b513a986450394f7bbf1476909911b3aa3a55ce"
  version = "v0.0.12"

[[projects]]
  digest = "1:9e1d37b58d17113ec3cb5608ac0382313c5b59470b94ed97d0976e69c7022314"
  name = "github.com/pkg/errors"
  packages = ["."]
  pruneopts = "UT"
  revision = "614d223910a179a466c1767a985424175c39b465"
  version = "v0.9.1"

[[projects]]
  digest = "1:0028cb19b2e4c3112225cd871870f2d9cf49b9b4276531f03438a88e94be86fe"
  name = "github.com/pmezard/go-difflib"
  packages = ["difflib"]
  pruneopts = "UT"
  revision = "792786c7400a136282c1664665ae0a8db921c6c2"
  version = "v1.0.0"

[[projects]]
  digest = "1:05eebdd5727fea23083fce0d98d307d70c86baed644178e81608aaa9f09ea469"
  name = "github.com/sirupsen/logrus"
  packages = ["."]
  pruneopts = "UT"
  revision = "60c74ad9be0d874af0ab0daef6ab07c5c5911f0d"
  version = "v1.6.0"

[[projects]]
  digest = "1:5e8f46b412421d2d6cceea845d28ac46f3f5a5f60a6e86f0ee75e24fd43a02a9"
  name = "github.com/stretchr/testify"
  packages = ["assert"]
  pruneopts = "UT"
  revision = "3ebf1ddaeb260c4b1ae502a01c7844fa8c1fa0e9"
  version = "v1.5.1"

[[projects]]
  branch = "master"
  digest = "1:d85f9416a95aba57c985b1f48f900da97404d8258c3374cce4e49616c57bf8c9"
  name = "golang.org/x/sys"
  packages = [
    "internal/unsafeheader",
    "unix",
  ]
  pruneopts = "UT"
  revision = "7e40ca221e254089b05fb9efcd69844a57f6a367"

[[projects]]
  digest = "1:2d32701bd465142606b3a84562c6c63b2950f0fb1bf82f231116a7b89de40e2d"
  name = "gopkg.in/ini.v1"
  packages = ["."]
  pruneopts = "UT"
  revision = "ad8a10643d24d67f464955e42b23e0d42d60fcb4"
  version = "v1.56.0"

[[projects]]
  digest = "1:55b110c99c5fdc4f14930747326acce56b52cfce60b24b1c03ef686ac0e46bb1"
  name = "gopkg.in/yaml.v2"
  packages = ["."]
  pruneopts = "UT"
  revision = "53403b58ad1b561927d19068c655246f2db79d48"
  version = "v2.2.8"

[solve-meta]
  analyzer-name = "dep"
  analyzer-version = 1
  input-imports = [
    "github.com/alecthomas/kong",
    "github.com/apoorvam/goterminal",
    "github.com/brianvoe/gofakeit",
    "github.com/go-sql-driver/mysql",
    "github.com/hashicorp/go-version",
    "github.com/icrowley/fake",
    "github.com/pkg/errors",
    "github.com/sirupsen/logrus",
    "github.com/stretchr/testify/assert",
    "gopkg.in/ini.v1",
  ]
  solver-name = "gps-cdcl"
  solver-version = 1
